// !$*UTF8*$!
{
	archiveVersion = 1;
	classes = {
	};
	objectVersion = 55;
	objects = {

/* Begin PBXBuildFile section */
		02C0EB8E27BBA2610089723E /* Configuration.swift in Sources */ = {isa = PBXBuildFile; fileRef = 02C0EB8D27BBA2610089723E /* Configuration.swift */; };
		02C0EB9027BBA38F0089723E /* AppCoordinator.swift in Sources */ = {isa = PBXBuildFile; fileRef = 02C0EB8F27BBA38F0089723E /* AppCoordinator.swift */; };
		02C0EB9227BBA46D0089723E /* HomePresenter.swift in Sources */ = {isa = PBXBuildFile; fileRef = 02C0EB9127BBA46D0089723E /* HomePresenter.swift */; };
		02C0EB9427BBA4900089723E /* MoviesService.swift in Sources */ = {isa = PBXBuildFile; fileRef = 02C0EB9327BBA4900089723E /* MoviesService.swift */; };
		02C0EB9627BBA4990089723E /* NetworkManager.swift in Sources */ = {isa = PBXBuildFile; fileRef = 02C0EB9527BBA4990089723E /* NetworkManager.swift */; };
		02C0EB9C27BBA50B0089723E /* Movie.swift in Sources */ = {isa = PBXBuildFile; fileRef = 02C0EB9B27BBA50B0089723E /* Movie.swift */; };
		02C0EB9F27BBA7E70089723E /* UITextField+.swift in Sources */ = {isa = PBXBuildFile; fileRef = 02C0EB9E27BBA7E70089723E /* UITextField+.swift */; };
		02C0EBA227BBB1DD0089723E /* MovieListResult.swift in Sources */ = {isa = PBXBuildFile; fileRef = 02C0EBA127BBB1DD0089723E /* MovieListResult.swift */; };
		02C0EBA727BBC3CC0089723E /* HomeTableViewCell.swift in Sources */ = {isa = PBXBuildFile; fileRef = 02C0EBA527BBC3CC0089723E /* HomeTableViewCell.swift */; };
		02C0EBA827BBC3CC0089723E /* HomeTableViewCell.xib in Resources */ = {isa = PBXBuildFile; fileRef = 02C0EBA627BBC3CC0089723E /* HomeTableViewCell.xib */; };
		02C0EBAA27BBC9D60089723E /* MovieViewModel.swift in Sources */ = {isa = PBXBuildFile; fileRef = 02C0EBA927BBC9D60089723E /* MovieViewModel.swift */; };
		02D21E4B27BAA0FB0041911D /* AppDelegate.swift in Sources */ = {isa = PBXBuildFile; fileRef = 02D21E4A27BAA0FB0041911D /* AppDelegate.swift */; };
		02D21E4D27BAA0FB0041911D /* SceneDelegate.swift in Sources */ = {isa = PBXBuildFile; fileRef = 02D21E4C27BAA0FB0041911D /* SceneDelegate.swift */; };
		02D21E4F27BAA0FB0041911D /* HomeViewController.swift in Sources */ = {isa = PBXBuildFile; fileRef = 02D21E4E27BAA0FB0041911D /* HomeViewController.swift */; };
		02D21E5227BAA0FB0041911D /* Main.storyboard in Resources */ = {isa = PBXBuildFile; fileRef = 02D21E5027BAA0FB0041911D /* Main.storyboard */; };
		02D21E5427BAA0FC0041911D /* Assets.xcassets in Resources */ = {isa = PBXBuildFile; fileRef = 02D21E5327BAA0FC0041911D /* Assets.xcassets */; };
		02D21E5727BAA0FC0041911D /* LaunchScreen.storyboard in Resources */ = {isa = PBXBuildFile; fileRef = 02D21E5527BAA0FC0041911D /* LaunchScreen.storyboard */; };
		1E352F294361698F2000165E /* Pods_DeverestMoviesApp.framework in Frameworks */ = {isa = PBXBuildFile; fileRef = 5F1E408EF64B7B54FFDDC8C9 /* Pods_DeverestMoviesApp.framework */; };
/* End PBXBuildFile section */

/* Begin PBXFileReference section */
		02C0EB8D27BBA2610089723E /* Configuration.swift */ = {isa = PBXFileReference; lastKnownFileType = sourcecode.swift; path = Configuration.swift; sourceTree = "<group>"; };
		02C0EB8F27BBA38F0089723E /* AppCoordinator.swift */ = {isa = PBXFileReference; lastKnownFileType = sourcecode.swift; path = AppCoordinator.swift; sourceTree = "<group>"; };
		02C0EB9127BBA46D0089723E /* HomePresenter.swift */ = {isa = PBXFileReference; lastKnownFileType = sourcecode.swift; path = HomePresenter.swift; sourceTree = "<group>"; };
		02C0EB9327BBA4900089723E /* MoviesService.swift */ = {isa = PBXFileReference; lastKnownFileType = sourcecode.swift; path = MoviesService.swift; sourceTree = "<group>"; };
		02C0EB9527BBA4990089723E /* NetworkManager.swift */ = {isa = PBXFileReference; lastKnownFileType = sourcecode.swift; path = NetworkManager.swift; sourceTree = "<group>"; };
		02C0EB9B27BBA50B0089723E /* Movie.swift */ = {isa = PBXFileReference; lastKnownFileType = sourcecode.swift; path = Movie.swift; sourceTree = "<group>"; };
		02C0EB9E27BBA7E70089723E /* UITextField+.swift */ = {isa = PBXFileReference; lastKnownFileType = sourcecode.swift; path = "UITextField+.swift"; sourceTree = "<group>"; };
		02C0EBA127BBB1DD0089723E /* MovieListResult.swift */ = {isa = PBXFileReference; lastKnownFileType = sourcecode.swift; path = MovieListResult.swift; sourceTree = "<group>"; };
		02C0EBA527BBC3CC0089723E /* HomeTableViewCell.swift */ = {isa = PBXFileReference; lastKnownFileType = sourcecode.swift; path = HomeTableViewCell.swift; sourceTree = "<group>"; };
		02C0EBA627BBC3CC0089723E /* HomeTableViewCell.xib */ = {isa = PBXFileReference; lastKnownFileType = file.xib; path = HomeTableViewCell.xib; sourceTree = "<group>"; };
		02C0EBA927BBC9D60089723E /* MovieViewModel.swift */ = {isa = PBXFileReference; lastKnownFileType = sourcecode.swift; path = MovieViewModel.swift; sourceTree = "<group>"; };
		02D21E4727BAA0FB0041911D /* DeverestMoviesApp.app */ = {isa = PBXFileReference; explicitFileType = wrapper.application; includeInIndex = 0; path = DeverestMoviesApp.app; sourceTree = BUILT_PRODUCTS_DIR; };
		02D21E4A27BAA0FB0041911D /* AppDelegate.swift */ = {isa = PBXFileReference; lastKnownFileType = sourcecode.swift; path = AppDelegate.swift; sourceTree = "<group>"; };
		02D21E4C27BAA0FB0041911D /* SceneDelegate.swift */ = {isa = PBXFileReference; lastKnownFileType = sourcecode.swift; path = SceneDelegate.swift; sourceTree = "<group>"; };
		02D21E4E27BAA0FB0041911D /* HomeViewController.swift */ = {isa = PBXFileReference; lastKnownFileType = sourcecode.swift; path = HomeViewController.swift; sourceTree = "<group>"; };
		02D21E5127BAA0FB0041911D /* Base */ = {isa = PBXFileReference; lastKnownFileType = file.storyboard; name = Base; path = Base.lproj/Main.storyboard; sourceTree = "<group>"; };
		02D21E5327BAA0FC0041911D /* Assets.xcassets */ = {isa = PBXFileReference; lastKnownFileType = folder.assetcatalog; path = Assets.xcassets; sourceTree = "<group>"; };
		02D21E5627BAA0FC0041911D /* Base */ = {isa = PBXFileReference; lastKnownFileType = file.storyboard; name = Base; path = Base.lproj/LaunchScreen.storyboard; sourceTree = "<group>"; };
		02D21E5827BAA0FC0041911D /* Info.plist */ = {isa = PBXFileReference; lastKnownFileType = text.plist.xml; path = Info.plist; sourceTree = "<group>"; };
		5F1E408EF64B7B54FFDDC8C9 /* Pods_DeverestMoviesApp.framework */ = {isa = PBXFileReference; explicitFileType = wrapper.framework; includeInIndex = 0; path = Pods_DeverestMoviesApp.framework; sourceTree = BUILT_PRODUCTS_DIR; };
		8A7BB519B8020CC455CD2B31 /* Pods-DeverestMoviesApp.release.xcconfig */ = {isa = PBXFileReference; includeInIndex = 1; lastKnownFileType = text.xcconfig; name = "Pods-DeverestMoviesApp.release.xcconfig"; path = "Target Support Files/Pods-DeverestMoviesApp/Pods-DeverestMoviesApp.release.xcconfig"; sourceTree = "<group>"; };
		E7A2415739E0CC2E0C0B62F3 /* Pods-DeverestMoviesApp.debug.xcconfig */ = {isa = PBXFileReference; includeInIndex = 1; lastKnownFileType = text.xcconfig; name = "Pods-DeverestMoviesApp.debug.xcconfig"; path = "Target Support Files/Pods-DeverestMoviesApp/Pods-DeverestMoviesApp.debug.xcconfig"; sourceTree = "<group>"; };
/* End PBXFileReference section */

/* Begin PBXFrameworksBuildPhase section */
		02D21E4427BAA0FB0041911D /* Frameworks */ = {
			isa = PBXFrameworksBuildPhase;
			buildActionMask = 2147483647;
			files = (
				1E352F294361698F2000165E /* Pods_DeverestMoviesApp.framework in Frameworks */,
			);
			runOnlyForDeploymentPostprocessing = 0;
		};
/* End PBXFrameworksBuildPhase section */

/* Begin PBXGroup section */
		02C0EB9727BBA4AB0089723E /* Network */ = {
			isa = PBXGroup;
			children = (
				02C0EB9527BBA4990089723E /* NetworkManager.swift */,
			);
			path = Network;
			sourceTree = "<group>";
		};
		02C0EB9827BBA4B50089723E /* Service */ = {
			isa = PBXGroup;
			children = (
				02C0EB9327BBA4900089723E /* MoviesService.swift */,
			);
			path = Service;
			sourceTree = "<group>";
		};
		02C0EB9927BBA4BC0089723E /* Presenter */ = {
			isa = PBXGroup;
			children = (
				02C0EB9127BBA46D0089723E /* HomePresenter.swift */,
			);
			path = Presenter;
			sourceTree = "<group>";
		};
		02C0EB9A27BBA4C30089723E /* View */ = {
			isa = PBXGroup;
			children = (
				02D21E4E27BAA0FB0041911D /* HomeViewController.swift */,
				02C0EBA927BBC9D60089723E /* MovieViewModel.swift */,
				02C0EBA527BBC3CC0089723E /* HomeTableViewCell.swift */,
				02C0EBA627BBC3CC0089723E /* HomeTableViewCell.xib */,
			);
			path = View;
			sourceTree = "<group>";
		};
		02C0EB9D27BBA5450089723E /* Model */ = {
			isa = PBXGroup;
			children = (
				02C0EB9B27BBA50B0089723E /* Movie.swift */,
				02C0EBA127BBB1DD0089723E /* MovieListResult.swift */,
			);
			path = Model;
			sourceTree = "<group>";
		};
		02C0EBA027BBA7EE0089723E /* Utility */ = {
			isa = PBXGroup;
			children = (
				02C0EB9E27BBA7E70089723E /* UITextField+.swift */,
			);
			path = Utility;
			sourceTree = "<group>";
		};
		02D21E3E27BAA0FB0041911D = {
			isa = PBXGroup;
			children = (
				02D21E4927BAA0FB0041911D /* DeverestMoviesApp */,
				02D21E4827BAA0FB0041911D /* Products */,
				C46DBE818523D7AFCBA40604 /* Pods */,
				A1060497066113C15ABA4266 /* Frameworks */,
			);
			sourceTree = "<group>";
		};
		02D21E4827BAA0FB0041911D /* Products */ = {
			isa = PBXGroup;
			children = (
				02D21E4727BAA0FB0041911D /* DeverestMoviesApp.app */,
			);
			name = Products;
			sourceTree = "<group>";
		};
		02D21E4927BAA0FB0041911D /* DeverestMoviesApp */ = {
			isa = PBXGroup;
			children = (
				02D21E4A27BAA0FB0041911D /* AppDelegate.swift */,
				02D21E4C27BAA0FB0041911D /* SceneDelegate.swift */,
				02C0EB8F27BBA38F0089723E /* AppCoordinator.swift */,
				02C0EB8D27BBA2610089723E /* Configuration.swift */,
				02C0EB9D27BBA5450089723E /* Model */,
				02C0EB9A27BBA4C30089723E /* View */,
				02C0EB9927BBA4BC0089723E /* Presenter */,
				02C0EB9827BBA4B50089723E /* Service */,
				02C0EB9727BBA4AB0089723E /* Network */,
				02C0EBA027BBA7EE0089723E /* Utility */,
				02D21E5027BAA0FB0041911D /* Main.storyboard */,
				02D21E5327BAA0FC0041911D /* Assets.xcassets */,
				02D21E5527BAA0FC0041911D /* LaunchScreen.storyboard */,
				02D21E5827BAA0FC0041911D /* Info.plist */,
			);
			path = DeverestMoviesApp;
			sourceTree = "<group>";
		};
		A1060497066113C15ABA4266 /* Frameworks */ = {
			isa = PBXGroup;
			children = (
				5F1E408EF64B7B54FFDDC8C9 /* Pods_DeverestMoviesApp.framework */,
			);
			name = Frameworks;
			sourceTree = "<group>";
		};
		C46DBE818523D7AFCBA40604 /* Pods */ = {
			isa = PBXGroup;
			children = (
				E7A2415739E0CC2E0C0B62F3 /* Pods-DeverestMoviesApp.debug.xcconfig */,
				8A7BB519B8020CC455CD2B31 /* Pods-DeverestMoviesApp.release.xcconfig */,
			);
			path = Pods;
			sourceTree = "<group>";
		};
/* End PBXGroup section */

/* Begin PBXNativeTarget section */
		02D21E4627BAA0FB0041911D /* DeverestMoviesApp */ = {
			isa = PBXNativeTarget;
			buildConfigurationList = 02D21E5B27BAA0FC0041911D /* Build configuration list for PBXNativeTarget "DeverestMoviesApp" */;
			buildPhases = (
				B6AC063CB1059921907692E6 /* [CP] Check Pods Manifest.lock */,
				02D21E4327BAA0FB0041911D /* Sources */,
				02D21E4427BAA0FB0041911D /* Frameworks */,
				02D21E4527BAA0FB0041911D /* Resources */,
				802CA7698C0E2BDD8FDDD0DD /* [CP] Embed Pods Frameworks */,
			);
			buildRules = (
			);
			dependencies = (
			);
			name = DeverestMoviesApp;
			productName = DeverestMoviesApp;
			productReference = 02D21E4727BAA0FB0041911D /* DeverestMoviesApp.app */;
			productType = "com.apple.product-type.application";
		};
/* End PBXNativeTarget section */

/* Begin PBXProject section */
		02D21E3F27BAA0FB0041911D /* Project object */ = {
			isa = PBXProject;
			attributes = {
				BuildIndependentTargetsInParallel = 1;
				LastSwiftUpdateCheck = 1320;
				LastUpgradeCheck = 1320;
				TargetAttributes = {
					02D21E4627BAA0FB0041911D = {
						CreatedOnToolsVersion = 13.2.1;
					};
				};
			};
			buildConfigurationList = 02D21E4227BAA0FB0041911D /* Build configuration list for PBXProject "DeverestMoviesApp" */;
			compatibilityVersion = "Xcode 13.0";
			developmentRegion = en;
			hasScannedForEncodings = 0;
			knownRegions = (
				en,
				Base,
			);
			mainGroup = 02D21E3E27BAA0FB0041911D;
			productRefGroup = 02D21E4827BAA0FB0041911D /* Products */;
			projectDirPath = "";
			projectRoot = "";
			targets = (
				02D21E4627BAA0FB0041911D /* DeverestMoviesApp */,
			);
		};
/* End PBXProject section */

/* Begin PBXResourcesBuildPhase section */
		02D21E4527BAA0FB0041911D /* Resources */ = {
			isa = PBXResourcesBuildPhase;
			buildActionMask = 2147483647;
			files = (
				02D21E5727BAA0FC0041911D /* LaunchScreen.storyboard in Resources */,
				02D21E5427BAA0FC0041911D /* Assets.xcassets in Resources */,
				02C0EBA827BBC3CC0089723E /* HomeTableViewCell.xib in Resources */,
				02D21E5227BAA0FB0041911D /* Main.storyboard in Resources */,
			);
			runOnlyForDeploymentPostprocessing = 0;
		};
/* End PBXResourcesBuildPhase section */

/* Begin PBXShellScriptBuildPhase section */
		802CA7698C0E2BDD8FDDD0DD /* [CP] Embed Pods Frameworks */ = {
			isa = PBXShellScriptBuildPhase;
			buildActionMask = 2147483647;
			files = (
			);
			inputFileListPaths = (
				"${PODS_ROOT}/Target Support Files/Pods-DeverestMoviesApp/Pods-DeverestMoviesApp-frameworks-${CONFIGURATION}-input-files.xcfilelist",
			);
			name = "[CP] Embed Pods Frameworks";
			outputFileListPaths = (
				"${PODS_ROOT}/Target Support Files/Pods-DeverestMoviesApp/Pods-DeverestMoviesApp-frameworks-${CONFIGURATION}-output-files.xcfilelist",
			);
			runOnlyForDeploymentPostprocessing = 0;
			shellPath = /bin/sh;
			shellScript = "\"${PODS_ROOT}/Target Support Files/Pods-DeverestMoviesApp/Pods-DeverestMoviesApp-frameworks.sh\"\n";
			showEnvVarsInLog = 0;
		};
		B6AC063CB1059921907692E6 /* [CP] Check Pods Manifest.lock */ = {
			isa = PBXShellScriptBuildPhase;
			buildActionMask = 2147483647;
			files = (
			);
			inputFileListPaths = (
			);
			inputPaths = (
				"${PODS_PODFILE_DIR_PATH}/Podfile.lock",
				"${PODS_ROOT}/Manifest.lock",
			);
			name = "[CP] Check Pods Manifest.lock";
			outputFileListPaths = (
			);
			outputPaths = (
				"$(DERIVED_FILE_DIR)/Pods-DeverestMoviesApp-checkManifestLockResult.txt",
			);
			runOnlyForDeploymentPostprocessing = 0;
			shellPath = /bin/sh;
			shellScript = "diff \"${PODS_PODFILE_DIR_PATH}/Podfile.lock\" \"${PODS_ROOT}/Manifest.lock\" > /dev/null\nif [ $? != 0 ] ; then\n    # print error to STDERR\n    echo \"error: The sandbox is not in sync with the Podfile.lock. Run 'pod install' or update your CocoaPods installation.\" >&2\n    exit 1\nfi\n# This output is used by Xcode 'outputs' to avoid re-running this script phase.\necho \"SUCCESS\" > \"${SCRIPT_OUTPUT_FILE_0}\"\n";
			showEnvVarsInLog = 0;
		};
/* End PBXShellScriptBuildPhase section */

/* Begin PBXSourcesBuildPhase section */
		02D21E4327BAA0FB0041911D /* Sources */ = {
			isa = PBXSourcesBuildPhase;
			buildActionMask = 2147483647;
			files = (
				02D21E4F27BAA0FB0041911D /* HomeViewController.swift in Sources */,
				02C0EBA227BBB1DD0089723E /* MovieListResult.swift in Sources */,
				02C0EB9F27BBA7E70089723E /* UITextField+.swift in Sources */,
				02D21E4B27BAA0FB0041911D /* AppDelegate.swift in Sources */,
				02C0EB9C27BBA50B0089723E /* Movie.swift in Sources */,
				02C0EB9027BBA38F0089723E /* AppCoordinator.swift in Sources */,
				02C0EBA727BBC3CC0089723E /* HomeTableViewCell.swift in Sources */,
				02C0EB9227BBA46D0089723E /* HomePresenter.swift in Sources */,
				02C0EB9627BBA4990089723E /* NetworkManager.swift in Sources */,
				02C0EB9427BBA4900089723E /* MoviesService.swift in Sources */,
				02C0EBAA27BBC9D60089723E /* MovieViewModel.swift in Sources */,
				02C0EB8E27BBA2610089723E /* Configuration.swift in Sources */,
				02D21E4D27BAA0FB0041911D /* SceneDelegate.swift in Sources */,
			);
			runOnlyForDeploymentPostprocessing = 0;
		};
/* End PBXSourcesBuildPhase section */

/* Begin PBXVariantGroup section */
		02D21E5027BAA0FB0041911D /* Main.storyboard */ = {
			isa = PBXVariantGroup;
			children = (
				02D21E5127BAA0FB0041911D /* Base */,
			);
			name = Main.storyboard;
			sourceTree = "<group>";
		};
		02D21E5527BAA0FC0041911D /* LaunchScreen.storyboard */ = {
			isa = PBXVariantGroup;
			children = (
				02D21E5627BAA0FC0041911D /* Base */,
			);
			name = LaunchScreen.storyboard;
			sourceTree = "<group>";
		};
/* End PBXVariantGroup section */

/* Begin XCBuildConfiguration section */
		02D21E5927BAA0FC0041911D /* Debug */ = {
			isa = XCBuildConfiguration;
			buildSettings = {
				ALWAYS_SEARCH_USER_PATHS = NO;
				CLANG_ANALYZER_NONNULL = YES;
				CLANG_ANALYZER_NUMBER_OBJECT_CONVERSION = YES_AGGRESSIVE;
				CLANG_CXX_LANGUAGE_STANDARD = "gnu++17";
				CLANG_CXX_LIBRARY = "libc++";
				CLANG_ENABLE_MODULES = YES;
				CLANG_ENABLE_OBJC_ARC = YES;
				CLANG_ENABLE_OBJC_WEAK = YES;
				CLANG_WARN_BLOCK_CAPTURE_AUTORELEASING = YES;
				CLANG_WARN_BOOL_CONVERSION = YES;
				CLANG_WARN_COMMA = YES;
				CLANG_WARN_CONSTANT_CONVERSION = YES;
				CLANG_WARN_DEPRECATED_OBJC_IMPLEMENTATIONS = YES;
				CLANG_WARN_DIRECT_OBJC_ISA_USAGE = YES_ERROR;
				CLANG_WARN_DOCUMENTATION_COMMENTS = YES;
				CLANG_WARN_EMPTY_BODY = YES;
				CLANG_WARN_ENUM_CONVERSION = YES;
				CLANG_WARN_INFINITE_RECURSION = YES;
				CLANG_WARN_INT_CONVERSION = YES;
				CLANG_WARN_NON_LITERAL_NULL_CONVERSION = YES;
				CLANG_WARN_OBJC_IMPLICIT_RETAIN_SELF = YES;
				CLANG_WARN_OBJC_LITERAL_CONVERSION = YES;
				CLANG_WARN_OBJC_ROOT_CLASS = YES_ERROR;
				CLANG_WARN_QUOTED_INCLUDE_IN_FRAMEWORK_HEADER = YES;
				CLANG_WARN_RANGE_LOOP_ANALYSIS = YES;
				CLANG_WARN_STRICT_PROTOTYPES = YES;
				CLANG_WARN_SUSPICIOUS_MOVE = YES;
				CLANG_WARN_UNGUARDED_AVAILABILITY = YES_AGGRESSIVE;
				CLANG_WARN_UNREACHABLE_CODE = YES;
				CLANG_WARN__DUPLICATE_METHOD_MATCH = YES;
				COPY_PHASE_STRIP = NO;
				DEBUG_INFORMATION_FORMAT = dwarf;
				ENABLE_STRICT_OBJC_MSGSEND = YES;
				ENABLE_TESTABILITY = YES;
				GCC_C_LANGUAGE_STANDARD = gnu11;
				GCC_DYNAMIC_NO_PIC = NO;
				GCC_NO_COMMON_BLOCKS = YES;
				GCC_OPTIMIZATION_LEVEL = 0;
				GCC_PREPROCESSOR_DEFINITIONS = (
					"DEBUG=1",
					"$(inherited)",
				);
				GCC_WARN_64_TO_32_BIT_CONVERSION = YES;
				GCC_WARN_ABOUT_RETURN_TYPE = YES_ERROR;
				GCC_WARN_UNDECLARED_SELECTOR = YES;
				GCC_WARN_UNINITIALIZED_AUTOS = YES_AGGRESSIVE;
				GCC_WARN_UNUSED_FUNCTION = YES;
				GCC_WARN_UNUSED_VARIABLE = YES;
				IPHONEOS_DEPLOYMENT_TARGET = 15.2;
				MTL_ENABLE_DEBUG_INFO = INCLUDE_SOURCE;
				MTL_FAST_MATH = YES;
				ONLY_ACTIVE_ARCH = YES;
				SDKROOT = iphoneos;
				SWIFT_ACTIVE_COMPILATION_CONDITIONS = DEBUG;
				SWIFT_OPTIMIZATION_LEVEL = "-Onone";
			};
			name = Debug;
		};
		02D21E5A27BAA0FC0041911D /* Release */ = {
			isa = XCBuildConfiguration;
			buildSettings = {
				ALWAYS_SEARCH_USER_PATHS = NO;
				CLANG_ANALYZER_NONNULL = YES;
				CLANG_ANALYZER_NUMBER_OBJECT_CONVERSION = YES_AGGRESSIVE;
				CLANG_CXX_LANGUAGE_STANDARD = "gnu++17";
				CLANG_CXX_LIBRARY = "libc++";
				CLANG_ENABLE_MODULES = YES;
				CLANG_ENABLE_OBJC_ARC = YES;
				CLANG_ENABLE_OBJC_WEAK = YES;
				CLANG_WARN_BLOCK_CAPTURE_AUTORELEASING = YES;
				CLANG_WARN_BOOL_CONVERSION = YES;
				CLANG_WARN_COMMA = YES;
				CLANG_WARN_CONSTANT_CONVERSION = YES;
				CLANG_WARN_DEPRECATED_OBJC_IMPLEMENTATIONS = YES;
				CLANG_WARN_DIRECT_OBJC_ISA_USAGE = YES_ERROR;
				CLANG_WARN_DOCUMENTATION_COMMENTS = YES;
				CLANG_WARN_EMPTY_BODY = YES;
				CLANG_WARN_ENUM_CONVERSION = YES;
				CLANG_WARN_INFINITE_RECURSION = YES;
				CLANG_WARN_INT_CONVERSION = YES;
				CLANG_WARN_NON_LITERAL_NULL_CONVERSION = YES;
				CLANG_WARN_OBJC_IMPLICIT_RETAIN_SELF = YES;
				CLANG_WARN_OBJC_LITERAL_CONVERSION = YES;
				CLANG_WARN_OBJC_ROOT_CLASS = YES_ERROR;
				CLANG_WARN_QUOTED_INCLUDE_IN_FRAMEWORK_HEADER = YES;
				CLANG_WARN_RANGE_LOOP_ANALYSIS = YES;
				CLANG_WARN_STRICT_PROTOTYPES = YES;
				CLANG_WARN_SUSPICIOUS_MOVE = YES;
				CLANG_WARN_UNGUARDED_AVAILABILITY = YES_AGGRESSIVE;
				CLANG_WARN_UNREACHABLE_CODE = YES;
				CLANG_WARN__DUPLICATE_METHOD_MATCH = YES;
				COPY_PHASE_STRIP = NO;
				DEBUG_INFORMATION_FORMAT = "dwarf-with-dsym";
				ENABLE_NS_ASSERTIONS = NO;
				ENABLE_STRICT_OBJC_MSGSEND = YES;
				GCC_C_LANGUAGE_STANDARD = gnu11;
				GCC_NO_COMMON_BLOCKS = YES;
				GCC_WARN_64_TO_32_BIT_CONVERSION = YES;
				GCC_WARN_ABOUT_RETURN_TYPE = YES_ERROR;
				GCC_WARN_UNDECLARED_SELECTOR = YES;
				GCC_WARN_UNINITIALIZED_AUTOS = YES_AGGRESSIVE;
				GCC_WARN_UNUSED_FUNCTION = YES;
				GCC_WARN_UNUSED_VARIABLE = YES;
				IPHONEOS_DEPLOYMENT_TARGET = 15.2;
				MTL_ENABLE_DEBUG_INFO = NO;
				MTL_FAST_MATH = YES;
				SDKROOT = iphoneos;
				SWIFT_COMPILATION_MODE = wholemodule;
				SWIFT_OPTIMIZATION_LEVEL = "-O";
				VALIDATE_PRODUCT = YES;
			};
			name = Release;
		};
		02D21E5C27BAA0FC0041911D /* Debug */ = {
			isa = XCBuildConfiguration;
			baseConfigurationReference = E7A2415739E0CC2E0C0B62F3 /* Pods-DeverestMoviesApp.debug.xcconfig */;
			buildSettings = {
				ASSETCATALOG_COMPILER_APPICON_NAME = AppIcon;
				ASSETCATALOG_COMPILER_GLOBAL_ACCENT_COLOR_NAME = AccentColor;
				CODE_SIGN_STYLE = Automatic;
				CURRENT_PROJECT_VERSION = 1;
				DEVELOPMENT_TEAM = 5Y7FD9X53V;
				GENERATE_INFOPLIST_FILE = YES;
				INFOPLIST_FILE = DeverestMoviesApp/Info.plist;
				INFOPLIST_KEY_UIApplicationSupportsIndirectInputEvents = YES;
				INFOPLIST_KEY_UILaunchStoryboardName = LaunchScreen;
				INFOPLIST_KEY_UIMainStoryboardFile = Main;
				INFOPLIST_KEY_UISupportedInterfaceOrientations_iPad = "UIInterfaceOrientationPortrait UIInterfaceOrientationPortraitUpsideDown UIInterfaceOrientationLandscapeLeft UIInterfaceOrientationLandscapeRight";
				INFOPLIST_KEY_UISupportedInterfaceOrientations_iPhone = "UIInterfaceOrientationPortrait UIInterfaceOrientationLandscapeLeft UIInterfaceOrientationLandscapeRight";
				LD_RUNPATH_SEARCH_PATHS = (
					"$(inherited)",
					"@executable_path/Frameworks",
				);
				MARKETING_VERSION = 1.0;
				PRODUCT_BUNDLE_IDENTIFIER = com.szabolcsvarga.DeverestMoviesApp;
				PRODUCT_NAME = "$(TARGET_NAME)";
				SWIFT_EMIT_LOC_STRINGS = YES;
				SWIFT_VERSION = 5.0;
				TARGETED_DEVICE_FAMILY = "1,2";
			};
			name = Debug;
		};
		02D21E5D27BAA0FC0041911D /* Release */ = {
			isa = XCBuildConfiguration;
			baseConfigurationReference = 8A7BB519B8020CC455CD2B31 /* Pods-DeverestMoviesApp.release.xcconfig */;
			buildSettings = {
				ASSETCATALOG_COMPILER_APPICON_NAME = AppIcon;
				ASSETCATALOG_COMPILER_GLOBAL_ACCENT_COLOR_NAME = AccentColor;
				CODE_SIGN_STYLE = Automatic;
				CURRENT_PROJECT_VERSION = 1;
				DEVELOPMENT_TEAM = 5Y7FD9X53V;
				GENERATE_INFOPLIST_FILE = YES;
				INFOPLIST_FILE = DeverestMoviesApp/Info.plist;
				INFOPLIST_KEY_UIApplicationSupportsIndirectInputEvents = YES;
				INFOPLIST_KEY_UILaunchStoryboardName = LaunchScreen;
				INFOPLIST_KEY_UIMainStoryboardFile = Main;
				INFOPLIST_KEY_UISupportedInterfaceOrientations_iPad = "UIInterfaceOrientationPortrait UIInterfaceOrientationPortraitUpsideDown UIInterfaceOrientationLandscapeLeft UIInterfaceOrientationLandscapeRight";
				INFOPLIST_KEY_UISupportedInterfaceOrientations_iPhone = "UIInterfaceOrientationPortrait UIInterfaceOrientationLandscapeLeft UIInterfaceOrientationLandscapeRight";
				LD_RUNPATH_SEARCH_PATHS = (
					"$(inherited)",
					"@executable_path/Frameworks",
				);
				MARKETING_VERSION = 1.0;
				PRODUCT_BUNDLE_IDENTIFIER = com.szabolcsvarga.DeverestMoviesApp;
				PRODUCT_NAME = "$(TARGET_NAME)";
				SWIFT_EMIT_LOC_STRINGS = YES;
				SWIFT_VERSION = 5.0;
				TARGETED_DEVICE_FAMILY = "1,2";
			};
			name = Release;
		};
/* End XCBuildConfiguration section */

/* Begin XCConfigurationList section */
		02D21E4227BAA0FB0041911D /* Build configuration list for PBXProject "DeverestMoviesApp" */ = {
			isa = XCConfigurationList;
			buildConfigurations = (
				02D21E5927BAA0FC0041911D /* Debug */,
				02D21E5A27BAA0FC0041911D /* Release */,
			);
			defaultConfigurationIsVisible = 0;
			defaultConfigurationName = Release;
		};
		02D21E5B27BAA0FC0041911D /* Build configuration list for PBXNativeTarget "DeverestMoviesApp" */ = {
			isa = XCConfigurationList;
			buildConfigurations = (
				02D21E5C27BAA0FC0041911D /* Debug */,
				02D21E5D27BAA0FC0041911D /* Release */,
			);
			defaultConfigurationIsVisible = 0;
			defaultConfigurationName = Release;
		};
/* End XCConfigurationList section */
	};
	rootObject = 02D21E3F27BAA0FB0041911D /* Project object */;
}
